
Microsoft Visual Studio Solution File, Format Version 12.00
# Visual Studio Version 17
VisualStudioVersion = 17.5.33414.496
MinimumVisualStudioVersion = 10.0.40219.1
Project("{FAE04EC0-301F-11D3-BF4B-00C04F79EFBC}") = "Atm_App", "Atm_App\Atm_App.csproj", "{81FD2273-4F4B-4400-B8BC-3F2E710D2C4D}"
EndProject
Global
	GlobalSection(SolutionConfigurationPlatforms) = preSolution
		Debug|Any CPU = Debug|Any CPU
		Release|Any CPU = Release|Any CPU
	EndGlobalSection
	GlobalSection(ProjectConfigurationPlatforms) = postSolution
		{81FD2273-4F4B-4400-B8BC-3F2E710D2C4D}.Debug|Any CPU.ActiveCfg = Debug|Any CPU
		{81FD2273-4F4B-4400-B8BC-3F2E710D2C4D}.Debug|Any CPU.Build.0 = Debug|Any CPU
		{81FD2273-4F4B-4400-B8BC-3F2E710D2C4D}.Release|Any CPU.ActiveCfg = Release|Any CPU
		{81FD2273-4F4B-4400-B8BC-3F2E710D2C4D}.Release|Any CPU.Build.0 = Release|Any CPU
	EndGlobalSection
	GlobalSection(SolutionProperties) = preSolution
		HideSolutionNode = FALSE
	EndGlobalSection
	GlobalSection(ExtensibilityGlobals) = postSolution
		SolutionGuid = {59CC23EA-FD89-4DFB-974D-C62C62E29EFA}
	EndGlobalSection
EndGlobal
